
Microsoft Visual Studio Solution File, Format Version 12.00
# Visual Studio Version 17
VisualStudioVersion = 17.9.34714.143
MinimumVisualStudioVersion = 10.0.40219.1
Project("{2150E333-8FDC-42A3-9474-1A3956D46DE8}") = "Behavioral patterns", "Behavioral patterns", "{C1435EA9-94D3-4050-97C4-B22AE37A2FB1}"
EndProject
Project("{2150E333-8FDC-42A3-9474-1A3956D46DE8}") = "Creational patterns", "Creational patterns", "{D6E22BF4-64A1-4443-BD50-09D7241EECE1}"
EndProject
Project("{2150E333-8FDC-42A3-9474-1A3956D46DE8}") = "Structural patterns", "Structural patterns", "{183EBDAB-59B9-4F4E-BD64-27CB6A62A51B}"
EndProject
Project("{2150E333-8FDC-42A3-9474-1A3956D46DE8}") = "Strategy", "Strategy", "{B9661EFF-5921-4FF5-B86B-221F8A5121B2}"
EndProject
Project("{9A19103F-16F7-4668-BE54-9A1E7A4F7556}") = "StrategyExampleA", "Strategy\StrategyExampleA\StrategyExampleA.csproj", "{B25EB2A0-CA1D-4EB1-912E-2ECFBA915647}"
EndProject
Project("{9A19103F-16F7-4668-BE54-9A1E7A4F7556}") = "StrategyExampleB", "Strategy\StrategyExampleB\StrategyExampleB.csproj", "{B36F51D8-1961-4375-A1FA-4EA083BC5239}"
EndProject
Global
	GlobalSection(SolutionConfigurationPlatforms) = preSolution
		Debug|Any CPU = Debug|Any CPU
		Release|Any CPU = Release|Any CPU
	EndGlobalSection
	GlobalSection(ProjectConfigurationPlatforms) = postSolution
		{B25EB2A0-CA1D-4EB1-912E-2ECFBA915647}.Debug|Any CPU.ActiveCfg = Debug|Any CPU
		{B25EB2A0-CA1D-4EB1-912E-2ECFBA915647}.Debug|Any CPU.Build.0 = Debug|Any CPU
		{B25EB2A0-CA1D-4EB1-912E-2ECFBA915647}.Release|Any CPU.ActiveCfg = Release|Any CPU
		{B25EB2A0-CA1D-4EB1-912E-2ECFBA915647}.Release|Any CPU.Build.0 = Release|Any CPU
		{B36F51D8-1961-4375-A1FA-4EA083BC5239}.Debug|Any CPU.ActiveCfg = Debug|Any CPU
		{B36F51D8-1961-4375-A1FA-4EA083BC5239}.Debug|Any CPU.Build.0 = Debug|Any CPU
		{B36F51D8-1961-4375-A1FA-4EA083BC5239}.Release|Any CPU.ActiveCfg = Release|Any CPU
		{B36F51D8-1961-4375-A1FA-4EA083BC5239}.Release|Any CPU.Build.0 = Release|Any CPU
	EndGlobalSection
	GlobalSection(SolutionProperties) = preSolution
		HideSolutionNode = FALSE
	EndGlobalSection
	GlobalSection(NestedProjects) = preSolution
		{B9661EFF-5921-4FF5-B86B-221F8A5121B2} = {C1435EA9-94D3-4050-97C4-B22AE37A2FB1}
		{B25EB2A0-CA1D-4EB1-912E-2ECFBA915647} = {B9661EFF-5921-4FF5-B86B-221F8A5121B2}
		{B36F51D8-1961-4375-A1FA-4EA083BC5239} = {B9661EFF-5921-4FF5-B86B-221F8A5121B2}
	EndGlobalSection
	GlobalSection(ExtensibilityGlobals) = postSolution
		SolutionGuid = {557943DA-FC31-41FD-8BAB-458FB669AFA5}
	EndGlobalSection
EndGlobal
