
Microsoft Visual Studio Solution File, Format Version 12.00
# Visual Studio Version 17
VisualStudioVersion = 17.9.34714.143
MinimumVisualStudioVersion = 10.0.40219.1
Project("{2150E333-8FDC-42A3-9474-1A3956D46DE8}") = "Behavioral patterns", "Behavioral patterns", "{C1435EA9-94D3-4050-97C4-B22AE37A2FB1}"
EndProject
Project("{2150E333-8FDC-42A3-9474-1A3956D46DE8}") = "Creational patterns", "Creational patterns", "{D6E22BF4-64A1-4443-BD50-09D7241EECE1}"
EndProject
Project("{2150E333-8FDC-42A3-9474-1A3956D46DE8}") = "Structural patterns", "Structural patterns", "{183EBDAB-59B9-4F4E-BD64-27CB6A62A51B}"
EndProject
Project("{2150E333-8FDC-42A3-9474-1A3956D46DE8}") = "Strategy", "Strategy", "{B9661EFF-5921-4FF5-B86B-221F8A5121B2}"
EndProject
Project("{FAE04EC0-301F-11D3-BF4B-00C04F79EFBC}") = "StrategyExampleA", "StrategyExampleA\StrategyExampleA.csproj", "{287CDDB4-5557-4388-84AE-3269C76E1837}"
EndProject
Global
	GlobalSection(SolutionConfigurationPlatforms) = preSolution
		Debug|Any CPU = Debug|Any CPU
		Release|Any CPU = Release|Any CPU
	EndGlobalSection
	GlobalSection(ProjectConfigurationPlatforms) = postSolution
		{287CDDB4-5557-4388-84AE-3269C76E1837}.Debug|Any CPU.ActiveCfg = Debug|Any CPU
		{287CDDB4-5557-4388-84AE-3269C76E1837}.Debug|Any CPU.Build.0 = Debug|Any CPU
		{287CDDB4-5557-4388-84AE-3269C76E1837}.Release|Any CPU.ActiveCfg = Release|Any CPU
		{287CDDB4-5557-4388-84AE-3269C76E1837}.Release|Any CPU.Build.0 = Release|Any CPU
	EndGlobalSection
	GlobalSection(SolutionProperties) = preSolution
		HideSolutionNode = FALSE
	EndGlobalSection
	GlobalSection(NestedProjects) = preSolution
		{B9661EFF-5921-4FF5-B86B-221F8A5121B2} = {C1435EA9-94D3-4050-97C4-B22AE37A2FB1}
		{287CDDB4-5557-4388-84AE-3269C76E1837} = {B9661EFF-5921-4FF5-B86B-221F8A5121B2}
	EndGlobalSection
	GlobalSection(ExtensibilityGlobals) = postSolution
		SolutionGuid = {557943DA-FC31-41FD-8BAB-458FB669AFA5}
	EndGlobalSection
EndGlobal
